
Microsoft Visual Studio Solution File, Format Version 12.00
# Visual Studio 2012
Project("{159641D6-6404-4A2A-AE62-294DE0FE8301}") = "ETL Testing", "ETL Testing\ETL Testing.dtproj", "{80FBD059-A35F-4596-B5E6-C1E1864C6987}"
EndProject
Global
	GlobalSection(SolutionConfigurationPlatforms) = preSolution
		Development|Default = Development|Default
	EndGlobalSection
	GlobalSection(ProjectConfigurationPlatforms) = postSolution
		{80FBD059-A35F-4596-B5E6-C1E1864C6987}.Development|Default.ActiveCfg = Development
		{80FBD059-A35F-4596-B5E6-C1E1864C6987}.Development|Default.Build.0 = Development
	EndGlobalSection
	GlobalSection(SolutionProperties) = preSolution
		HideSolutionNode = FALSE
	EndGlobalSection
EndGlobal
