
Microsoft Visual Studio Solution File, Format Version 12.00
# Visual Studio 2012
Project("{159641D6-6404-4A2A-AE62-294DE0FE8301}") = "ETL testing", "ETL testing\ETL testing.dtproj", "{1F4D7A0B-5340-47BE-802E-95FB4E09D984}"
EndProject
Global
	GlobalSection(SolutionConfigurationPlatforms) = preSolution
		Development|Default = Development|Default
	EndGlobalSection
	GlobalSection(ProjectConfigurationPlatforms) = postSolution
		{1F4D7A0B-5340-47BE-802E-95FB4E09D984}.Development|Default.ActiveCfg = Development
		{1F4D7A0B-5340-47BE-802E-95FB4E09D984}.Development|Default.Build.0 = Development
	EndGlobalSection
	GlobalSection(SolutionProperties) = preSolution
		HideSolutionNode = FALSE
	EndGlobalSection
EndGlobal
